// !$*UTF8*$!
{
	archiveVersion = 1;
	classes = {
	};
	objectVersion = 51;
	objects = {

/* Begin PBXBuildFile section */
		173BCB27AA4F5DC6987642D8 /* Pods_Review_Example.framework in Frameworks */ = {isa = PBXBuildFile; fileRef = 23066DBB9DACFCC232A40464 /* Pods_Review_Example.framework */; };
		61C5726D38318747CE3402B8 /* AppDelegate.swift in Sources */ = {isa = PBXBuildFile; fileRef = 55BA332DA664F443C3273AF6 /* AppDelegate.swift */; };
		6404D830212C9DE9EEA56BFE /* Main.storyboard in Resources */ = {isa = PBXBuildFile; fileRef = 46F69EEB07D9693698DCE194 /* Main.storyboard */; };
		A9AF08CDBF88CB855EBFBF77 /* Assets.xcassets in Resources */ = {isa = PBXBuildFile; fileRef = B00ECB297C44C3976B0B9099 /* Assets.xcassets */; };
		AAA8BDBF81A75BAB922D090E /* ViewController.swift in Sources */ = {isa = PBXBuildFile; fileRef = 0BD5326912479E400964EFC0 /* ViewController.swift */; };
		E214490EB028BA4D26281920 /* LaunchScreen.storyboard in Resources */ = {isa = PBXBuildFile; fileRef = 151FEC02F35D5DF04C83BAAE /* LaunchScreen.storyboard */; };
/* End PBXBuildFile section */

/* Begin PBXFileReference section */
		0BD5326912479E400964EFC0 /* ViewController.swift */ = {isa = PBXFileReference; lastKnownFileType = sourcecode.swift; path = ViewController.swift; sourceTree = "<group>"; };
		167759162FF439CB26251DF7 /* Review_Example.app */ = {isa = PBXFileReference; includeInIndex = 0; lastKnownFileType = wrapper.application; path = Review_Example.app; sourceTree = BUILT_PRODUCTS_DIR; };
		23066DBB9DACFCC232A40464 /* Pods_Review_Example.framework */ = {isa = PBXFileReference; explicitFileType = wrapper.framework; includeInIndex = 0; path = Pods_Review_Example.framework; sourceTree = BUILT_PRODUCTS_DIR; };
		31DBB42F10AFDBEC8BB34AEA /* Base */ = {isa = PBXFileReference; lastKnownFileType = file.storyboard; name = Base; path = Base.lproj/LaunchScreen.storyboard; sourceTree = "<group>"; };
		55BA332DA664F443C3273AF6 /* AppDelegate.swift */ = {isa = PBXFileReference; lastKnownFileType = sourcecode.swift; path = AppDelegate.swift; sourceTree = "<group>"; };
		5F663606F85514ED27E2B4B2 /* Info.plist */ = {isa = PBXFileReference; lastKnownFileType = text.plist; path = Info.plist; sourceTree = "<group>"; };
		9175F865F337D3E39C242C0E /* Pods-Review_Example.debug.xcconfig */ = {isa = PBXFileReference; includeInIndex = 1; lastKnownFileType = text.xcconfig; name = "Pods-Review_Example.debug.xcconfig"; path = "Target Support Files/Pods-Review_Example/Pods-Review_Example.debug.xcconfig"; sourceTree = "<group>"; };
		A37CCD3BBBCDD0644A72DAC4 /* Pods-Review_Example.release.xcconfig */ = {isa = PBXFileReference; includeInIndex = 1; lastKnownFileType = text.xcconfig; name = "Pods-Review_Example.release.xcconfig"; path = "Target Support Files/Pods-Review_Example/Pods-Review_Example.release.xcconfig"; sourceTree = "<group>"; };
		B00ECB297C44C3976B0B9099 /* Assets.xcassets */ = {isa = PBXFileReference; lastKnownFileType = folder.assetcatalog; path = Assets.xcassets; sourceTree = "<group>"; };
		D734071B9B6135C2F380CFD8 /* Base */ = {isa = PBXFileReference; lastKnownFileType = file.storyboard; name = Base; path = Base.lproj/Main.storyboard; sourceTree = "<group>"; };
/* End PBXFileReference section */

/* Begin PBXFrameworksBuildPhase section */
		7B46C2C62EC8CD3EE1C8EEF7 /* Frameworks */ = {
			isa = PBXFrameworksBuildPhase;
			buildActionMask = 2147483647;
			files = (
				173BCB27AA4F5DC6987642D8 /* Pods_Review_Example.framework in Frameworks */,
			);
			runOnlyForDeploymentPostprocessing = 0;
		};
/* End PBXFrameworksBuildPhase section */

/* Begin PBXGroup section */
		04A0542A4E3956EFAE36E0DB /* Frameworks */ = {
			isa = PBXGroup;
			children = (
				23066DBB9DACFCC232A40464 /* Pods_Review_Example.framework */,
			);
			name = Frameworks;
			sourceTree = "<group>";
		};
		276DA993CF5383ACDEC960EF /* Pods */ = {
			isa = PBXGroup;
			children = (
				9175F865F337D3E39C242C0E /* Pods-Review_Example.debug.xcconfig */,
				A37CCD3BBBCDD0644A72DAC4 /* Pods-Review_Example.release.xcconfig */,
			);
			name = Pods;
			path = Pods;
			sourceTree = "<group>";
		};
		2DEA03FA09E041A833180800 = {
			isa = PBXGroup;
			children = (
				A4EF26842ED1410F55F3D919 /* Review */,
				A5DDDC4F1D8FF46DE71D3BEE /* Products */,
				276DA993CF5383ACDEC960EF /* Pods */,
				04A0542A4E3956EFAE36E0DB /* Frameworks */,
			);
			sourceTree = "<group>";
		};
		A4EF26842ED1410F55F3D919 /* Review */ = {
			isa = PBXGroup;
			children = (
				55BA332DA664F443C3273AF6 /* AppDelegate.swift */,
				B00ECB297C44C3976B0B9099 /* Assets.xcassets */,
				5F663606F85514ED27E2B4B2 /* Info.plist */,
				151FEC02F35D5DF04C83BAAE /* LaunchScreen.storyboard */,
				46F69EEB07D9693698DCE194 /* Main.storyboard */,
				0BD5326912479E400964EFC0 /* ViewController.swift */,
			);
			path = Review;
			sourceTree = "<group>";
		};
		A5DDDC4F1D8FF46DE71D3BEE /* Products */ = {
			isa = PBXGroup;
			children = (
				167759162FF439CB26251DF7 /* Review_Example.app */,
			);
			name = Products;
			sourceTree = "<group>";
		};
/* End PBXGroup section */

/* Begin PBXNativeTarget section */
		4F044B52734E083C2CD840F7 /* Review_Example */ = {
			isa = PBXNativeTarget;
			buildConfigurationList = 99A9959B50770A0174013554 /* Build configuration list for PBXNativeTarget "Review_Example" */;
			buildPhases = (
				391947EE824571F6997FB01B /* [CP] Check Pods Manifest.lock */,
				96591F45F18E83A3CF4D1C4E /* Sources */,
				FE1B59D08C060DFEEB545737 /* Resources */,
				7B46C2C62EC8CD3EE1C8EEF7 /* Frameworks */,
				3DE4EA1EA7DE243B23A41569 /* [CP] Embed Pods Frameworks */,
			);
			buildRules = (
			);
			dependencies = (
			);
			name = Review_Example;
			productName = Review_Example;
			productReference = 167759162FF439CB26251DF7 /* Review_Example.app */;
			productType = "com.apple.product-type.application";
		};
/* End PBXNativeTarget section */

/* Begin PBXProject section */
		5F13D85D213F6FF89CB07153 /* Project object */ = {
			isa = PBXProject;
			attributes = {
				LastUpgradeCheck = 1200;
				TargetAttributes = {
				};
			};
			buildConfigurationList = AD699A845FB133BB2E39EDC5 /* Build configuration list for PBXProject "Review" */;
			compatibilityVersion = "Xcode 10.0";
			developmentRegion = en;
			hasScannedForEncodings = 0;
			knownRegions = (
				Base,
				en,
			);
			mainGroup = 2DEA03FA09E041A833180800;
			productRefGroup = A5DDDC4F1D8FF46DE71D3BEE /* Products */;
			projectDirPath = "";
			projectRoot = "";
			targets = (
				4F044B52734E083C2CD840F7 /* Review_Example */,
			);
		};
/* End PBXProject section */

/* Begin PBXResourcesBuildPhase section */
		FE1B59D08C060DFEEB545737 /* Resources */ = {
			isa = PBXResourcesBuildPhase;
			buildActionMask = 2147483647;
			files = (
				A9AF08CDBF88CB855EBFBF77 /* Assets.xcassets in Resources */,
				E214490EB028BA4D26281920 /* LaunchScreen.storyboard in Resources */,
				6404D830212C9DE9EEA56BFE /* Main.storyboard in Resources */,
			);
			runOnlyForDeploymentPostprocessing = 0;
		};
/* End PBXResourcesBuildPhase section */

/* Begin PBXShellScriptBuildPhase section */
		391947EE824571F6997FB01B /* [CP] Check Pods Manifest.lock */ = {
			isa = PBXShellScriptBuildPhase;
			buildActionMask = 2147483647;
			files = (
			);
			inputFileListPaths = (
			);
			inputPaths = (
				"${PODS_PODFILE_DIR_PATH}/Podfile.lock",
				"${PODS_ROOT}/Manifest.lock",
			);
			name = "[CP] Check Pods Manifest.lock";
			outputFileListPaths = (
			);
			outputPaths = (
				"$(DERIVED_FILE_DIR)/Pods-Review_Example-checkManifestLockResult.txt",
			);
			runOnlyForDeploymentPostprocessing = 0;
			shellPath = /bin/sh;
			shellScript = "diff \"${PODS_PODFILE_DIR_PATH}/Podfile.lock\" \"${PODS_ROOT}/Manifest.lock\" > /dev/null\nif [ $? != 0 ] ; then\n    # print error to STDERR\n    echo \"error: The sandbox is not in sync with the Podfile.lock. Run 'pod install' or update your CocoaPods installation.\" >&2\n    exit 1\nfi\n# This output is used by Xcode 'outputs' to avoid re-running this script phase.\necho \"SUCCESS\" > \"${SCRIPT_OUTPUT_FILE_0}\"\n";
			showEnvVarsInLog = 0;
		};
		3DE4EA1EA7DE243B23A41569 /* [CP] Embed Pods Frameworks */ = {
			isa = PBXShellScriptBuildPhase;
			buildActionMask = 2147483647;
			files = (
			);
			inputFileListPaths = (
				"${PODS_ROOT}/Target Support Files/Pods-Review_Example/Pods-Review_Example-frameworks-${CONFIGURATION}-input-files.xcfilelist",
			);
			name = "[CP] Embed Pods Frameworks";
			outputFileListPaths = (
				"${PODS_ROOT}/Target Support Files/Pods-Review_Example/Pods-Review_Example-frameworks-${CONFIGURATION}-output-files.xcfilelist",
			);
			runOnlyForDeploymentPostprocessing = 0;
			shellPath = /bin/sh;
			shellScript = "\"${PODS_ROOT}/Target Support Files/Pods-Review_Example/Pods-Review_Example-frameworks.sh\"\n";
			showEnvVarsInLog = 0;
		};
/* End PBXShellScriptBuildPhase section */

/* Begin PBXSourcesBuildPhase section */
		96591F45F18E83A3CF4D1C4E /* Sources */ = {
			isa = PBXSourcesBuildPhase;
			buildActionMask = 2147483647;
			files = (
				61C5726D38318747CE3402B8 /* AppDelegate.swift in Sources */,
				AAA8BDBF81A75BAB922D090E /* ViewController.swift in Sources */,
			);
			runOnlyForDeploymentPostprocessing = 0;
		};
/* End PBXSourcesBuildPhase section */

/* Begin PBXVariantGroup section */
		151FEC02F35D5DF04C83BAAE /* LaunchScreen.storyboard */ = {
			isa = PBXVariantGroup;
			children = (
				31DBB42F10AFDBEC8BB34AEA /* Base */,
			);
			name = LaunchScreen.storyboard;
			sourceTree = "<group>";
		};
		46F69EEB07D9693698DCE194 /* Main.storyboard */ = {
			isa = PBXVariantGroup;
			children = (
				D734071B9B6135C2F380CFD8 /* Base */,
			);
			name = Main.storyboard;
			sourceTree = "<group>";
		};
/* End PBXVariantGroup section */

/* Begin XCBuildConfiguration section */
		0542CBCE0751FDB3A31AC0B2 /* Release */ = {
			isa = XCBuildConfiguration;
			baseConfigurationReference = A37CCD3BBBCDD0644A72DAC4 /* Pods-Review_Example.release.xcconfig */;
			buildSettings = {
				ASSETCATALOG_COMPILER_APPICON_NAME = AppIcon;
				CODE_SIGN_IDENTITY = "iPhone Developer";
				CUSTOM_BUILD_SETTING = my_release_value;
				INFOPLIST_FILE = Review/Info.plist;
				IPHONEOS_DEPLOYMENT_TARGET = 11.0;
				LD_RUNPATH_SEARCH_PATHS = (
					"$(inherited)",
					"@executable_path/Frameworks",
				);
				PRODUCT_BUNDLE_IDENTIFIER = "com.afc.module.Review-Example";
				SDKROOT = iphoneos;
				TARGETED_DEVICE_FAMILY = "1,2";
			};
			name = Release;
		};
		47CD8E6573FAD82CFB44FFB8 /* Release */ = {
			isa = XCBuildConfiguration;
			buildSettings = {
				ALWAYS_SEARCH_USER_PATHS = NO;
				CLANG_ANALYZER_NONNULL = YES;
				CLANG_ANALYZER_NUMBER_OBJECT_CONVERSION = YES_AGGRESSIVE;
				CLANG_CXX_LANGUAGE_STANDARD = "gnu++14";
				CLANG_CXX_LIBRARY = "libc++";
				CLANG_ENABLE_MODULES = YES;
				CLANG_ENABLE_OBJC_ARC = YES;
				CLANG_ENABLE_OBJC_WEAK = YES;
				CLANG_WARN_BLOCK_CAPTURE_AUTORELEASING = YES;
				CLANG_WARN_BOOL_CONVERSION = YES;
				CLANG_WARN_COMMA = YES;
				CLANG_WARN_CONSTANT_CONVERSION = YES;
				CLANG_WARN_DEPRECATED_OBJC_IMPLEMENTATIONS = YES;
				CLANG_WARN_DIRECT_OBJC_ISA_USAGE = YES_ERROR;
				CLANG_WARN_DOCUMENTATION_COMMENTS = YES;
				CLANG_WARN_EMPTY_BODY = YES;
				CLANG_WARN_ENUM_CONVERSION = YES;
				CLANG_WARN_INFINITE_RECURSION = YES;
				CLANG_WARN_INT_CONVERSION = YES;
				CLANG_WARN_NON_LITERAL_NULL_CONVERSION = YES;
				CLANG_WARN_OBJC_IMPLICIT_RETAIN_SELF = YES;
				CLANG_WARN_OBJC_LITERAL_CONVERSION = YES;
				CLANG_WARN_OBJC_ROOT_CLASS = YES_ERROR;
				CLANG_WARN_QUOTED_INCLUDE_IN_FRAMEWORK_HEADER = YES;
				CLANG_WARN_RANGE_LOOP_ANALYSIS = YES;
				CLANG_WARN_STRICT_PROTOTYPES = YES;
				CLANG_WARN_SUSPICIOUS_MOVE = YES;
				CLANG_WARN_UNGUARDED_AVAILABILITY = YES_AGGRESSIVE;
				CLANG_WARN_UNREACHABLE_CODE = YES;
				CLANG_WARN__DUPLICATE_METHOD_MATCH = YES;
				COPY_PHASE_STRIP = NO;
				DEBUG_INFORMATION_FORMAT = "dwarf-with-dsym";
				ENABLE_NS_ASSERTIONS = NO;
				ENABLE_STRICT_OBJC_MSGSEND = YES;
				GCC_C_LANGUAGE_STANDARD = gnu11;
				GCC_NO_COMMON_BLOCKS = YES;
				GCC_WARN_64_TO_32_BIT_CONVERSION = YES;
				GCC_WARN_ABOUT_RETURN_TYPE = YES_ERROR;
				GCC_WARN_UNDECLARED_SELECTOR = YES;
				GCC_WARN_UNINITIALIZED_AUTOS = YES_AGGRESSIVE;
				GCC_WARN_UNUSED_FUNCTION = YES;
				GCC_WARN_UNUSED_VARIABLE = YES;
				MTL_ENABLE_DEBUG_INFO = NO;
				MTL_FAST_MATH = YES;
				PRODUCT_NAME = "$(TARGET_NAME)";
				SDKROOT = iphoneos;
				SWIFT_COMPILATION_MODE = wholemodule;
				SWIFT_OPTIMIZATION_LEVEL = "-O";
				SWIFT_VERSION = 5.0;
			};
			name = Release;
		};
		64C71445A8CA816D85D0ED5C /* Debug */ = {
			isa = XCBuildConfiguration;
			baseConfigurationReference = 9175F865F337D3E39C242C0E /* Pods-Review_Example.debug.xcconfig */;
			buildSettings = {
				ASSETCATALOG_COMPILER_APPICON_NAME = AppIcon;
				CODE_SIGN_IDENTITY = "iPhone Developer";
				CUSTOM_BUILD_SETTING = my_debug_value;
				INFOPLIST_FILE = Review/Info.plist;
				IPHONEOS_DEPLOYMENT_TARGET = 11.0;
				LD_RUNPATH_SEARCH_PATHS = (
					"$(inherited)",
					"@executable_path/Frameworks",
				);
				PRODUCT_BUNDLE_IDENTIFIER = "com.afc.module.Review-Example";
				SDKROOT = iphoneos;
				TARGETED_DEVICE_FAMILY = "1,2";
			};
			name = Debug;
		};
		BB092EDBFB35BA027809189F /* Debug */ = {
			isa = XCBuildConfiguration;
			buildSettings = {
				ALWAYS_SEARCH_USER_PATHS = NO;
				CLANG_ANALYZER_NONNULL = YES;
				CLANG_ANALYZER_NUMBER_OBJECT_CONVERSION = YES_AGGRESSIVE;
				CLANG_CXX_LANGUAGE_STANDARD = "gnu++14";
				CLANG_CXX_LIBRARY = "libc++";
				CLANG_ENABLE_MODULES = YES;
				CLANG_ENABLE_OBJC_ARC = YES;
				CLANG_ENABLE_OBJC_WEAK = YES;
				CLANG_WARN_BLOCK_CAPTURE_AUTORELEASING = YES;
				CLANG_WARN_BOOL_CONVERSION = YES;
				CLANG_WARN_COMMA = YES;
				CLANG_WARN_CONSTANT_CONVERSION = YES;
				CLANG_WARN_DEPRECATED_OBJC_IMPLEMENTATIONS = YES;
				CLANG_WARN_DIRECT_OBJC_ISA_USAGE = YES_ERROR;
				CLANG_WARN_DOCUMENTATION_COMMENTS = YES;
				CLANG_WARN_EMPTY_BODY = YES;
				CLANG_WARN_ENUM_CONVERSION = YES;
				CLANG_WARN_INFINITE_RECURSION = YES;
				CLANG_WARN_INT_CONVERSION = YES;
				CLANG_WARN_NON_LITERAL_NULL_CONVERSION = YES;
				CLANG_WARN_OBJC_IMPLICIT_RETAIN_SELF = YES;
				CLANG_WARN_OBJC_LITERAL_CONVERSION = YES;
				CLANG_WARN_OBJC_ROOT_CLASS = YES_ERROR;
				CLANG_WARN_QUOTED_INCLUDE_IN_FRAMEWORK_HEADER = YES;
				CLANG_WARN_RANGE_LOOP_ANALYSIS = YES;
				CLANG_WARN_STRICT_PROTOTYPES = YES;
				CLANG_WARN_SUSPICIOUS_MOVE = YES;
				CLANG_WARN_UNGUARDED_AVAILABILITY = YES_AGGRESSIVE;
				CLANG_WARN_UNREACHABLE_CODE = YES;
				CLANG_WARN__DUPLICATE_METHOD_MATCH = YES;
				COPY_PHASE_STRIP = NO;
				DEBUG_INFORMATION_FORMAT = dwarf;
				ENABLE_STRICT_OBJC_MSGSEND = YES;
				ENABLE_TESTABILITY = YES;
				GCC_C_LANGUAGE_STANDARD = gnu11;
				GCC_DYNAMIC_NO_PIC = NO;
				GCC_NO_COMMON_BLOCKS = YES;
				GCC_OPTIMIZATION_LEVEL = 0;
				GCC_PREPROCESSOR_DEFINITIONS = (
					"$(inherited)",
					"DEBUG=1",
				);
				GCC_WARN_64_TO_32_BIT_CONVERSION = YES;
				GCC_WARN_ABOUT_RETURN_TYPE = YES_ERROR;
				GCC_WARN_UNDECLARED_SELECTOR = YES;
				GCC_WARN_UNINITIALIZED_AUTOS = YES_AGGRESSIVE;
				GCC_WARN_UNUSED_FUNCTION = YES;
				GCC_WARN_UNUSED_VARIABLE = YES;
				MTL_ENABLE_DEBUG_INFO = INCLUDE_SOURCE;
				MTL_FAST_MATH = YES;
				ONLY_ACTIVE_ARCH = YES;
				PRODUCT_NAME = "$(TARGET_NAME)";
				SDKROOT = iphoneos;
				SWIFT_ACTIVE_COMPILATION_CONDITIONS = DEBUG;
				SWIFT_OPTIMIZATION_LEVEL = "-Onone";
				SWIFT_VERSION = 5.0;
			};
			name = Debug;
		};
/* End XCBuildConfiguration section */

/* Begin XCConfigurationList section */
		99A9959B50770A0174013554 /* Build configuration list for PBXNativeTarget "Review_Example" */ = {
			isa = XCConfigurationList;
			buildConfigurations = (
				64C71445A8CA816D85D0ED5C /* Debug */,
				0542CBCE0751FDB3A31AC0B2 /* Release */,
			);
			defaultConfigurationIsVisible = 0;
			defaultConfigurationName = Debug;
		};
		AD699A845FB133BB2E39EDC5 /* Build configuration list for PBXProject "Review" */ = {
			isa = XCConfigurationList;
			buildConfigurations = (
				BB092EDBFB35BA027809189F /* Debug */,
				47CD8E6573FAD82CFB44FFB8 /* Release */,
			);
			defaultConfigurationIsVisible = 0;
			defaultConfigurationName = Debug;
		};
/* End XCConfigurationList section */
	};
	rootObject = 5F13D85D213F6FF89CB07153 /* Project object */;
}
